
Microsoft Visual Studio Solution File, Format Version 12.00
# Visual Studio Version 17
VisualStudioVersion = 17.9.34607.119
MinimumVisualStudioVersion = 10.0.40219.1
Project("{FAE04EC0-301F-11D3-BF4B-00C04F79EFBC}") = "MVCprojectHealthCare", "MVCprojectHealthCare.csproj", "{6A4F2B17-EBE4-43CA-9549-5CD05B4417DC}"
EndProject
Global
	GlobalSection(SolutionConfigurationPlatforms) = preSolution
		Debug|Any CPU = Debug|Any CPU
		Release|Any CPU = Release|Any CPU
	EndGlobalSection
	GlobalSection(ProjectConfigurationPlatforms) = postSolution
		{6A4F2B17-EBE4-43CA-9549-5CD05B4417DC}.Debug|Any CPU.ActiveCfg = Debug|Any CPU
		{6A4F2B17-EBE4-43CA-9549-5CD05B4417DC}.Debug|Any CPU.Build.0 = Debug|Any CPU
		{6A4F2B17-EBE4-43CA-9549-5CD05B4417DC}.Release|Any CPU.ActiveCfg = Release|Any CPU
		{6A4F2B17-EBE4-43CA-9549-5CD05B4417DC}.Release|Any CPU.Build.0 = Release|Any CPU
	EndGlobalSection
	GlobalSection(SolutionProperties) = preSolution
		HideSolutionNode = FALSE
	EndGlobalSection
	GlobalSection(ExtensibilityGlobals) = postSolution
		SolutionGuid = {6FA6A1A6-0D91-4C25-BF7A-625153637C8F}
	EndGlobalSection
EndGlobal
